<?xml version="1.0" encoding="utf-8"?>
<Project ToolsVersion="4.0" xmlns="http://schemas.microsoft.com/developer/msbuild/2003">
  <ItemGroup>
    <ClInclude Include="Game.h" />
    <ClInclude Include="Game\Unit.h" />
    <ClInclude Include="Game\AnimatedSprite.h" />
    <ClInclude Include="Game\Units\Enemigo.h" />
    <ClInclude Include="Game\Units\Enemigos\Dragon.h" />
    <ClInclude Include="Game\Units\Torre.h" />
    <ClInclude Include="Game\Units\Torres\Torre1.h" />
    <ClInclude Include="Game\ColectorBasura.h" />
    <ClInclude Include="Game\TextureManager.h" />
    <ClInclude Include="Game\Map\Map.h" />
    <ClInclude Include="Game\Map\Tile.h" />
    <ClInclude Include="Game\Map\Grid.h" />
    <ClInclude Include="GameState\GameStatesManager.h" />
    <ClInclude Include="Game\GameManager.h" />
    <ClInclude Include="Menu\MainMenuManager.h" />
    <ClInclude Include="GameState\GameState.h" />
    <ClInclude Include="Game\Units\UnitManager.h" />
    <ClInclude Include="Game\SpriteManager.h" />
    <ClInclude Include="Menu\UI\BotonMenu.h" />
    <ClInclude Include="Menu\LoginManager.h" />
    <ClInclude Include="Menu\LobbyState.h" />
    <ClInclude Include="Menu\UI\LoginBox.h" />
    <ClInclude Include="Menu\ViewsWrapper.h" />
    <ClInclude Include="Grupo.h" />
    <ClInclude Include="Menu\UI\LoginBoxComponent.h" />
    <ClInclude Include="Networking\Network.h" />
    <ClInclude Include="Menu\ConnectionManager.h" />
  </ItemGroup>
  <ItemGroup>
    <ClCompile Include="Game.cpp" />
    <ClCompile Include="Game\Unit.cpp" />
    <ClCompile Include="Game\AnimatedSprite.cpp" />
    <ClCompile Include="main.cpp" />
    <ClCompile Include="Game\Units\Enemigo.cpp" />
    <ClCompile Include="Game\Units\Enemigos\Dragon.cpp" />
    <ClCompile Include="Game\Units\Torre.cpp" />
    <ClCompile Include="Game\Units\Torres\Torre1.cpp" />
    <ClCompile Include="Game\ColectorBasura.cpp" />
    <ClCompile Include="Game\TextureManager.cpp" />
    <ClCompile Include="Game\Map\Map.cpp" />
    <ClCompile Include="Game\Map\Tile.cpp" />
    <ClCompile Include="Game\Map\Grid.cpp" />
    <ClCompile Include="GameState\GameStatesManager.cpp" />
    <ClCompile Include="Game\GameManager.cpp" />
    <ClCompile Include="Menu\MainMenuManager.cpp" />
    <ClCompile Include="GameState\GameState.cpp" />
    <ClCompile Include="Game\Units\UnitManager.cpp" />
    <ClCompile Include="Game\SpriteManager.cpp" />
    <ClCompile Include="Menu\UI\BotonMenu.cpp" />
    <ClCompile Include="Menu\LoginManager.cpp" />
    <ClCompile Include="Menu\LobbyState.cpp" />
    <ClCompile Include="Menu\UI\LoginBox.cpp" />
    <ClCompile Include="Menu\ViewsWrapper.cpp" />
    <ClCompile Include="Grupo.cpp" />
    <ClCompile Include="Menu\UI\LoginBoxComponent.cpp" />
    <ClCompile Include="Networking\Network.cpp" />
    <ClCompile Include="Menu\ConnectionManager.cpp" />
  </ItemGroup>
</Project>